
Microsoft Visual Studio Solution File, Format Version 12.00
# Visual Studio 2015
Project("{FAE04EC0-301F-11D3-BF4B-00C04F79EFBC}") = "Unnamed VN.CSharp", "Unnamed VN.CSharp.csproj", "{951CE7A8-ABD0-0069-9E87-DE24D6B3B87F}"
EndProject
Project("{FAE04EC0-301F-11D3-BF4B-00C04F79EFBC}") = "Unnamed VN.CSharp.Editor", "Unnamed VN.CSharp.Editor.csproj", "{2CCA8D15-5882-86E8-A22D-CC8B3C701DD2}"
EndProject
Global
	GlobalSection(SolutionConfigurationPlatforms) = preSolution
		Debug|Any CPU = Debug|Any CPU
		Release|Any CPU = Release|Any CPU
	EndGlobalSection
	GlobalSection(ProjectConfigurationPlatforms) = postSolution
		{951CE7A8-ABD0-0069-9E87-DE24D6B3B87F}.Debug|Any CPU.ActiveCfg = Debug|Any CPU
		{951CE7A8-ABD0-0069-9E87-DE24D6B3B87F}.Debug|Any CPU.Build.0 = Debug|Any CPU
		{951CE7A8-ABD0-0069-9E87-DE24D6B3B87F}.Release|Any CPU.ActiveCfg = Release|Any CPU
		{951CE7A8-ABD0-0069-9E87-DE24D6B3B87F}.Release|Any CPU.Build.0 = Release|Any CPU
		{2CCA8D15-5882-86E8-A22D-CC8B3C701DD2}.Debug|Any CPU.ActiveCfg = Debug|Any CPU
		{2CCA8D15-5882-86E8-A22D-CC8B3C701DD2}.Debug|Any CPU.Build.0 = Debug|Any CPU
		{2CCA8D15-5882-86E8-A22D-CC8B3C701DD2}.Release|Any CPU.ActiveCfg = Release|Any CPU
		{2CCA8D15-5882-86E8-A22D-CC8B3C701DD2}.Release|Any CPU.Build.0 = Release|Any CPU
	EndGlobalSection
	GlobalSection(SolutionProperties) = preSolution
		HideSolutionNode = FALSE
	EndGlobalSection
EndGlobal
